
Microsoft Visual Studio Solution File, Format Version 12.00
# Visual Studio Version 16
VisualStudioVersion = 16.0.31410.357
MinimumVisualStudioVersion = 10.0.40219.1
Project("{2150E333-8FDC-42A3-9474-1A3956D46DE8}") = "src", "src", "{92C3B27B-F1FA-4FF9-AF35-EEF22966C0FF}"
EndProject
Project("{2150E333-8FDC-42A3-9474-1A3956D46DE8}") = "Infraestructure", "Infraestructure", "{DA03CCE2-AFAA-44E9-B4E7-94FC5E80347A}"
EndProject
Project("{2150E333-8FDC-42A3-9474-1A3956D46DE8}") = "Core", "Core", "{DF54FC50-F32C-4BFF-8973-95233D8F3965}"
EndProject
Project("{2150E333-8FDC-42A3-9474-1A3956D46DE8}") = "Presentation", "Presentation", "{402E0080-FD96-4FE0-A0B5-6BB7D9F50E56}"
EndProject
Project("{FAE04EC0-301F-11D3-BF4B-00C04F79EFBC}") = "Application", "..\Application\Application.csproj", "{4E8CC290-0F56-46B9-A407-6FC1707A75D3}"
EndProject
Project("{FAE04EC0-301F-11D3-BF4B-00C04F79EFBC}") = "Domain", "..\Domain\Domain.csproj", "{BD9D357A-E6EE-46B3-9872-D962ED64AE75}"
EndProject
Project("{FAE04EC0-301F-11D3-BF4B-00C04F79EFBC}") = "Persistence", "..\Persistence\Persistence.csproj", "{BA869F9E-177E-4CD2-8C50-5EC1C72D88F8}"
EndProject
Project("{FAE04EC0-301F-11D3-BF4B-00C04F79EFBC}") = "Shared", "..\Shared\Shared.csproj", "{919528E9-17CC-4D9E-9C95-7822C9325703}"
EndProject
Project("{FAE04EC0-301F-11D3-BF4B-00C04F79EFBC}") = "WebAPI", "..\WebAPI\WebAPI.csproj", "{E94BD608-6DB2-4B76-8C92-D08EE1308583}"
EndProject
Global
	GlobalSection(SolutionConfigurationPlatforms) = preSolution
		Debug|Any CPU = Debug|Any CPU
		Release|Any CPU = Release|Any CPU
	EndGlobalSection
	GlobalSection(ProjectConfigurationPlatforms) = postSolution
		{4E8CC290-0F56-46B9-A407-6FC1707A75D3}.Debug|Any CPU.ActiveCfg = Debug|Any CPU
		{4E8CC290-0F56-46B9-A407-6FC1707A75D3}.Debug|Any CPU.Build.0 = Debug|Any CPU
		{4E8CC290-0F56-46B9-A407-6FC1707A75D3}.Release|Any CPU.ActiveCfg = Release|Any CPU
		{4E8CC290-0F56-46B9-A407-6FC1707A75D3}.Release|Any CPU.Build.0 = Release|Any CPU
		{BD9D357A-E6EE-46B3-9872-D962ED64AE75}.Debug|Any CPU.ActiveCfg = Debug|Any CPU
		{BD9D357A-E6EE-46B3-9872-D962ED64AE75}.Debug|Any CPU.Build.0 = Debug|Any CPU
		{BD9D357A-E6EE-46B3-9872-D962ED64AE75}.Release|Any CPU.ActiveCfg = Release|Any CPU
		{BD9D357A-E6EE-46B3-9872-D962ED64AE75}.Release|Any CPU.Build.0 = Release|Any CPU
		{BA869F9E-177E-4CD2-8C50-5EC1C72D88F8}.Debug|Any CPU.ActiveCfg = Debug|Any CPU
		{BA869F9E-177E-4CD2-8C50-5EC1C72D88F8}.Debug|Any CPU.Build.0 = Debug|Any CPU
		{BA869F9E-177E-4CD2-8C50-5EC1C72D88F8}.Release|Any CPU.ActiveCfg = Release|Any CPU
		{BA869F9E-177E-4CD2-8C50-5EC1C72D88F8}.Release|Any CPU.Build.0 = Release|Any CPU
		{919528E9-17CC-4D9E-9C95-7822C9325703}.Debug|Any CPU.ActiveCfg = Debug|Any CPU
		{919528E9-17CC-4D9E-9C95-7822C9325703}.Debug|Any CPU.Build.0 = Debug|Any CPU
		{919528E9-17CC-4D9E-9C95-7822C9325703}.Release|Any CPU.ActiveCfg = Release|Any CPU
		{919528E9-17CC-4D9E-9C95-7822C9325703}.Release|Any CPU.Build.0 = Release|Any CPU
		{E94BD608-6DB2-4B76-8C92-D08EE1308583}.Debug|Any CPU.ActiveCfg = Debug|Any CPU
		{E94BD608-6DB2-4B76-8C92-D08EE1308583}.Debug|Any CPU.Build.0 = Debug|Any CPU
		{E94BD608-6DB2-4B76-8C92-D08EE1308583}.Release|Any CPU.ActiveCfg = Release|Any CPU
		{E94BD608-6DB2-4B76-8C92-D08EE1308583}.Release|Any CPU.Build.0 = Release|Any CPU
	EndGlobalSection
	GlobalSection(SolutionProperties) = preSolution
		HideSolutionNode = FALSE
	EndGlobalSection
	GlobalSection(NestedProjects) = preSolution
		{DA03CCE2-AFAA-44E9-B4E7-94FC5E80347A} = {92C3B27B-F1FA-4FF9-AF35-EEF22966C0FF}
		{DF54FC50-F32C-4BFF-8973-95233D8F3965} = {92C3B27B-F1FA-4FF9-AF35-EEF22966C0FF}
		{402E0080-FD96-4FE0-A0B5-6BB7D9F50E56} = {92C3B27B-F1FA-4FF9-AF35-EEF22966C0FF}
		{4E8CC290-0F56-46B9-A407-6FC1707A75D3} = {DF54FC50-F32C-4BFF-8973-95233D8F3965}
		{BD9D357A-E6EE-46B3-9872-D962ED64AE75} = {DF54FC50-F32C-4BFF-8973-95233D8F3965}
		{BA869F9E-177E-4CD2-8C50-5EC1C72D88F8} = {DA03CCE2-AFAA-44E9-B4E7-94FC5E80347A}
		{919528E9-17CC-4D9E-9C95-7822C9325703} = {DA03CCE2-AFAA-44E9-B4E7-94FC5E80347A}
		{E94BD608-6DB2-4B76-8C92-D08EE1308583} = {402E0080-FD96-4FE0-A0B5-6BB7D9F50E56}
	EndGlobalSection
	GlobalSection(ExtensibilityGlobals) = postSolution
		SolutionGuid = {83D6F247-6C95-4E64-956D-E3A94BA2CE31}
	EndGlobalSection
EndGlobal
